
Microsoft Visual Studio Solution File, Format Version 12.00
# Visual Studio 2013
VisualStudioVersion = 12.0.21005.1
MinimumVisualStudioVersion = 10.0.40219.1
Project("{FAE04EC0-301F-11D3-BF4B-00C04F79EFBC}") = "TryNONO_Predictive_Report", "TryNONO_Predictive_Report.csproj", "{8358AD47-A9A2-49FB-A2E7-37153EEC854D}"
EndProject
Global
	GlobalSection(TeamFoundationVersionControl) = preSolution
		SccNumberOfProjects = 2
		SccEnterpriseProvider = {4CA58AB2-18FA-4F8D-95D4-32DDF27D184C}
		SccTeamFoundationServer = http://cs-srcctrl1:8080/tfs/csapps
		SccLocalPath0 = .
		SccProjectUniqueName1 = TryNONO_Predictive_Report.csproj
		SccLocalPath1 = .
	EndGlobalSection
	GlobalSection(SolutionConfigurationPlatforms) = preSolution
		Debug|x86 = Debug|x86
		Release|x86 = Release|x86
	EndGlobalSection
	GlobalSection(ProjectConfigurationPlatforms) = postSolution
		{8358AD47-A9A2-49FB-A2E7-37153EEC854D}.Debug|x86.ActiveCfg = Debug|x86
		{8358AD47-A9A2-49FB-A2E7-37153EEC854D}.Debug|x86.Build.0 = Debug|x86
		{8358AD47-A9A2-49FB-A2E7-37153EEC854D}.Release|x86.ActiveCfg = Release|x86
		{8358AD47-A9A2-49FB-A2E7-37153EEC854D}.Release|x86.Build.0 = Release|x86
	EndGlobalSection
	GlobalSection(SolutionProperties) = preSolution
		HideSolutionNode = FALSE
	EndGlobalSection
EndGlobal
