
Microsoft Visual Studio Solution File, Format Version 11.00
# Visual Studio 2010
Project("{FAE04EC0-301F-11D3-BF4B-00C04F79EFBC}") = "FTP_CSVXTRAC", "MarketingReports\FTP_CSVXTRAC.csproj", "{6D8B8FC7-14DB-4500-8D53-E4A3B8F6A098}"
EndProject
Global
	GlobalSection(TeamFoundationVersionControl) = preSolution
		SccNumberOfProjects = 2
		SccEnterpriseProvider = {4CA58AB2-18FA-4F8D-95D4-32DDF27D184C}
		SccTeamFoundationServer = http://cs-srcctrl1:8080/tfs/csapps
		SccLocalPath0 = .
		SccProjectUniqueName1 = MarketingReports\\FTP_CSVXTRAC.csproj
		SccProjectName1 = MarketingReports
		SccLocalPath1 = MarketingReports
	EndGlobalSection
	GlobalSection(SolutionConfigurationPlatforms) = preSolution
		Debug|x86 = Debug|x86
		Release|x86 = Release|x86
	EndGlobalSection
	GlobalSection(ProjectConfigurationPlatforms) = postSolution
		{6D8B8FC7-14DB-4500-8D53-E4A3B8F6A098}.Debug|x86.ActiveCfg = Debug|x86
		{6D8B8FC7-14DB-4500-8D53-E4A3B8F6A098}.Debug|x86.Build.0 = Debug|x86
		{6D8B8FC7-14DB-4500-8D53-E4A3B8F6A098}.Release|x86.ActiveCfg = Release|x86
		{6D8B8FC7-14DB-4500-8D53-E4A3B8F6A098}.Release|x86.Build.0 = Release|x86
	EndGlobalSection
	GlobalSection(SolutionProperties) = preSolution
		HideSolutionNode = FALSE
	EndGlobalSection
EndGlobal
