
Microsoft Visual Studio Solution File, Format Version 12.00
# Visual Studio 2013
VisualStudioVersion = 12.0.21005.1
MinimumVisualStudioVersion = 10.0.40219.1
Project("{FAE04EC0-301F-11D3-BF4B-00C04F79EFBC}") = "Resurgence_CustomerRegistrationBatch", "Resurgence_CustomerRegistrationBatch\Resurgence_CustomerRegistrationBatch.csproj", "{459E69CA-E610-44F6-9155-B335C0FAAB27}"
EndProject
Global
	GlobalSection(TeamFoundationVersionControl) = preSolution
		SccNumberOfProjects = 2
		SccEnterpriseProvider = {4CA58AB2-18FA-4F8D-95D4-32DDF27D184C}
		SccTeamFoundationServer = http://cs-srcctrl1:8080/tfs/csapps
		SccLocalPath0 = .
		SccProjectUniqueName1 = Resurgence_CustomerRegistrationBatch\\Resurgence_CustomerRegistrationBatch.csproj
		SccProjectName1 = Resurgence_CustomerRegistrationBatch
		SccLocalPath1 = Resurgence_CustomerRegistrationBatch
	EndGlobalSection
	GlobalSection(SolutionConfigurationPlatforms) = preSolution
		Debug|Any CPU = Debug|Any CPU
		Release|Any CPU = Release|Any CPU
	EndGlobalSection
	GlobalSection(ProjectConfigurationPlatforms) = postSolution
		{459E69CA-E610-44F6-9155-B335C0FAAB27}.Debug|Any CPU.ActiveCfg = Debug|Any CPU
		{459E69CA-E610-44F6-9155-B335C0FAAB27}.Debug|Any CPU.Build.0 = Debug|Any CPU
		{459E69CA-E610-44F6-9155-B335C0FAAB27}.Release|Any CPU.ActiveCfg = Release|Any CPU
		{459E69CA-E610-44F6-9155-B335C0FAAB27}.Release|Any CPU.Build.0 = Release|Any CPU
	EndGlobalSection
	GlobalSection(SolutionProperties) = preSolution
		HideSolutionNode = FALSE
	EndGlobalSection
EndGlobal
